{
  "name": "csv_project",
  "version": "1.0.0",
  "lockfileVersion": 2,
  "requires": true,
  "packages": {
    "": {
      "name": "csv_project",
      "version": "1.0.0",
      "license": "ISC",
      "dependencies": {
        "csv-parse": "^4.4.6",
        "csv-stringify": "^5.0.0",
        "fs": "^0.0.1-security"
      }
    },
    "node_modules/csv-parse": {
      "version": "4.4.6",
      "resolved": "https://registry.npmjs.org/csv-parse/-/csv-parse-4.4.6.tgz",
      "integrity": "sha512-VisC5TBBhOF+70zjrF9FOiqI2LZOhXK/vAWlOrqyqz3lLa+P8jzJ7L/sg90MHmkSY/brAXWwrmGSZR0tM5yi4g=="
    },
    "node_modules/csv-stringify": {
      "version": "5.0.0",
      "resolved": "https://registry.npmjs.org/csv-stringify/-/csv-stringify-5.0.0.tgz",
      "integrity": "sha512-Zb2k2+oZcmQDn0nd0XpMTd8W+B2JfjI3kVfZBijYnw7zAx+K627z4LfvCfhP7B7dwyLmuzLOeuhW6T9HWIpQXg==",
      "dependencies": {
        "lodash.get": "~4.4.2"
      }
    },
    "node_modules/fs": {
      "version": "0.0.1-security",
      "resolved": "https://registry.npmjs.org/fs/-/fs-0.0.1-security.tgz",
      "integrity": "sha512-3XY9e1pP0CVEUCdj5BmfIZxRBTSDycnbqhIOGec9QYtmVH2fbLpj86CFWkrNOkt/Fvty4KZG5lTglL9j/gJ87w=="
    },
    "node_modules/lodash.get": {
      "version": "4.4.2",
      "resolved": "https://registry.npmjs.org/lodash.get/-/lodash.get-4.4.2.tgz",
      "integrity": "sha512-z+Uw/vLuy6gQe8cfaFWD7p0wVv8fJl3mbzXh33RS+0oW2wvUqiRXiQ69gLWSLpgB5/6sU+r6BlQR0MBILadqTQ=="
    }
  },
  "dependencies": {
    "csv-parse": {
      "version": "4.4.6",
      "resolved": "https://registry.npmjs.org/csv-parse/-/csv-parse-4.4.6.tgz",
      "integrity": "sha512-VisC5TBBhOF+70zjrF9FOiqI2LZOhXK/vAWlOrqyqz3lLa+P8jzJ7L/sg90MHmkSY/brAXWwrmGSZR0tM5yi4g=="
    },
    "csv-stringify": {
      "version": "5.0.0",
      "resolved": "https://registry.npmjs.org/csv-stringify/-/csv-stringify-5.0.0.tgz",
      "integrity": "sha512-Zb2k2+oZcmQDn0nd0XpMTd8W+B2JfjI3kVfZBijYnw7zAx+K627z4LfvCfhP7B7dwyLmuzLOeuhW6T9HWIpQXg==",
      "requires": {
        "lodash.get": "~4.4.2"
      }
    },
    "fs": {
      "version": "0.0.1-security",
      "resolved": "https://registry.npmjs.org/fs/-/fs-0.0.1-security.tgz",
      "integrity": "sha512-3XY9e1pP0CVEUCdj5BmfIZxRBTSDycnbqhIOGec9QYtmVH2fbLpj86CFWkrNOkt/Fvty4KZG5lTglL9j/gJ87w=="
    },
    "lodash.get": {
      "version": "4.4.2",
      "resolved": "https://registry.npmjs.org/lodash.get/-/lodash.get-4.4.2.tgz",
      "integrity": "sha512-z+Uw/vLuy6gQe8cfaFWD7p0wVv8fJl3mbzXh33RS+0oW2wvUqiRXiQ69gLWSLpgB5/6sU+r6BlQR0MBILadqTQ=="
    }
  }
}
